
Microsoft Visual Studio Solution File, Format Version 12.00
# Visual Studio Version 16
VisualStudioVersion = 16.0.31402.337
MinimumVisualStudioVersion = 10.0.40219.1
Project("{FAE04EC0-301F-11D3-BF4B-00C04F79EFBC}") = "ConsoleApp1", "ConsoleApp1.csproj", "{A380B8A8-C416-475A-8314-E28CD88E08B8}"
EndProject
Global
	GlobalSection(SolutionConfigurationPlatforms) = preSolution
		Debug|Any CPU = Debug|Any CPU
		Release|Any CPU = Release|Any CPU
	EndGlobalSection
	GlobalSection(ProjectConfigurationPlatforms) = postSolution
		{A380B8A8-C416-475A-8314-E28CD88E08B8}.Debug|Any CPU.ActiveCfg = Debug|Any CPU
		{A380B8A8-C416-475A-8314-E28CD88E08B8}.Debug|Any CPU.Build.0 = Debug|Any CPU
		{A380B8A8-C416-475A-8314-E28CD88E08B8}.Release|Any CPU.ActiveCfg = Release|Any CPU
		{A380B8A8-C416-475A-8314-E28CD88E08B8}.Release|Any CPU.Build.0 = Release|Any CPU
	EndGlobalSection
	GlobalSection(SolutionProperties) = preSolution
		HideSolutionNode = FALSE
	EndGlobalSection
	GlobalSection(ExtensibilityGlobals) = postSolution
		SolutionGuid = {EF31F673-09CF-4D25-BC39-99BAF09610C2}
	EndGlobalSection
EndGlobal
